GEM
  remote: https://rubygems.org/
  specs:
    base64 (0.3.0)
    dotenv (3.2.0)
    event_emitter (0.2.6)
    ffi (1.17.4)
    ffi (1.17.4-arm64-darwin)
    ffi (1.17.4-x64-mingw-ucrt)
    ffi (1.17.4-x86_64-darwin)
    ffi (1.17.4-x86_64-linux-gnu)
    minitest (5.27.0)
    mutex_m (0.3.0)
    websocket (1.2.11)
    websocket-client-simple (0.9.0)
      base64
      event_emitter
      mutex_m
      websocket

PLATFORMS
  arm64-darwin
  ruby
  x64-mingw-ucrt
  x86_64-darwin
  x86_64-linux

DEPENDENCIES
  dotenv (~> 3.1)
  ffi (~> 1.17)
  minitest (~> 5.25)
  websocket-client-simple (~> 0.9)

RUBY VERSION
   ruby 3.4.11p137

BUNDLED WITH
   2.6.9
